acme @ https://files.pythonhosted.org/packages/0b/af/b5f590040cd2efae675ff5c9da533abcf3011c6d0b7b67e118aa86c14ceb/acme-5.7.0-py3-none-any.whl --hash=sha256:a736f88e975f0ebe8c6fcabd3db164d1071b4f9e1a56d1319a9f6997e0a64a0a
aiodns @ https://files.pythonhosted.org/packages/7f/70/72e4ab117425ccdc4d10bd523a94c1baa051a15586057d64a4c6888f9e3f/aiodns-4.0.4-py3-none-any.whl --hash=sha256:c24dd605bac70a1676ce503f967a98483ff163507198557d8e9db16267e6cfd2
aiogithubapi @ https://files.pythonhosted.org/packages/02/a0/3102dbe2457eceb2e71f295e5d08f0f07c4982f82366cce34b2a332e348e/aiogithubapi-26.0.0-py3-none-any.whl --hash=sha256:156b5f9217d23cb0eb65e233b19c10f499f1ba3bcf1d7d65e3a463c034e3813a
aiohappyeyeballs @ https://files.pythonhosted.org/packages/71/43/1947f06babed6b3f1d7f38b0c767f52df66bfb2bc10b468c4a7de9eceff2/aiohappyeyeballs-2.7.1-py3-none-any.whl --hash=sha256:9243213661e29250eb41368e5daa826fc017156c3b8a11440826b2e3ed376472
aiohasupervisor @ https://files.pythonhosted.org/packages/a2/0d/71721a72bf81c00039c147b5f2dba913213de526940f82c697fbeed65ee7/aiohasupervisor-0.6.0-py3-none-any.whl --hash=sha256:6f78f474160e6f90fda1879f0fe7d341d8cfd5f69eec4cb0cb60483816f73d60
aiohttp @ https://files.pythonhosted.org/packages/cb/05/e00f35581c97656d9e864edaa03292382c620dd1d9c836a4f73a2279acc4/aiohttp-3.14.4-cp314-cp314-manylinux2014_x86_64.manylinux_2_17_x86_64.manylinux_2_28_x86_64.whl --hash=sha256:fb22c8e4b60385a9b414c70c6e8b2d0f4b23ff7fc4bb572ceb58297b228169f1
aiohttp-asyncmdnsresolver @ https://files.pythonhosted.org/packages/1e/d5/c08b4e242d50d2aded314a16105ee708946fa3dfd37b837b1ca625d26397/aiohttp_asyncmdnsresolver-0.2.0-py3-none-any.whl --hash=sha256:1e6dc01719dc563346ae051122fa7dc3a757317e3e6bf4ef8b23cfd034089c22
aiohttp-cors @ https://files.pythonhosted.org/packages/98/3b/40a68de458904bcc143622015fff2352b6461cd92fd66d3527bf1c6f5716/aiohttp_cors-0.8.1-py3-none-any.whl --hash=sha256:3180cf304c5c712d626b9162b195b1db7ddf976a2a25172b35bb2448b890a80d
aiohttp-fast-zlib @ https://files.pythonhosted.org/packages/b7/11/ea9ecbcd6cf68c5de690fd39b66341405ab091aa0c3598277e687aa65901/aiohttp_fast_zlib-0.3.0-py3-none-any.whl --hash=sha256:d4cb20760a3e1137c93cb42c13871cbc9cd1fdc069352f2712cd650d6c0e537e
aiooui @ https://files.pythonhosted.org/packages/4c/a8/5dd74c2dad63e66ea9b0caf67abaa6ce2ae84207346141b3952e6c703290/aiooui-0.1.11-py3-none-any.whl --hash=sha256:531e808bba926d80213413202243754a125a100b3e7912dadb3cd3f921e1665d
aiosignal @ https://files.pythonhosted.org/packages/fb/76/641ae371508676492379f16e2fa48f4e2c11741bd63c48be4b12a6b09cba/aiosignal-1.4.0-py3-none-any.whl --hash=sha256:053243f8b92b990551949e63930a839ff0cf0b0ebbe0597b0f3fb19e1a0fe82e
aiozoneinfo @ https://files.pythonhosted.org/packages/24/a4/99e13bb4006999de2a4d63cee7497c3eb7f616b0aefc660c4c316179af3a/aiozoneinfo-0.2.3-py3-none-any.whl --hash=sha256:5423f0354c9eed982e3f1c35edeeef1458d4cc6a10f106616891a089a8455661
annotated-types @ https://files.pythonhosted.org/packages/99/91/8acff4f5e50511b911bbccb72b8628a49c68ce14148cd9f6431094859a90/annotated_types-0.8.0-py3-none-any.whl --hash=sha256:f072f4d804ea359e4eaf198b1af7a8b0943881a87f31bb764f8bf219bb9419e0
annotatedyaml @ https://files.pythonhosted.org/packages/a0/eb/b29b84eec6d3a1fc3278ff2959388f347e7853a3f82fc5275c591a523835/annotatedyaml-1.0.2-cp314-cp314-manylinux2014_x86_64.manylinux_2_17_x86_64.manylinux_2_28_x86_64.whl --hash=sha256:987f73a13f121c775bcdb082214c17f114447fee7dad37db2f86b035893ad58d
anyio @ https://files.pythonhosted.org/packages/12/b8/4bd346e22b28902df4d651910f5242c28d84e4a5c2435ca5c3f797ed7e2e/anyio-4.15.1-py3-none-any.whl --hash=sha256:6152fdbbf9a77fdec97731721bebf7c4c44f7c29b424b0065826173efc7ed101
astral @ https://files.pythonhosted.org/packages/91/60/7cc241b9c3710ebadddcb323e77dd422c693183aec92449a1cf1fb59e1ba/astral-2.2-py2.py3-none-any.whl --hash=sha256:b9ef70faf32e81a8ba174d21e8f29dc0b53b409ef035f27e0749ddc13cb5982a
async-interrupt @ https://files.pythonhosted.org/packages/5a/77/060b972fa7819fa9eea9a70acf8c7c0c58341a1e300ee5ccb063e757a4a7/async_interrupt-1.2.2-py3-none-any.whl --hash=sha256:0a8deb884acfb5fe55188a693ae8a4381bbbd2cb6e670dac83869489513eec2c
atomicwrites-homeassistant @ https://files.pythonhosted.org/packages/4e/1b/872dd3b11939edb4c0a27d2569a9b7e77d3b88995a45a331f376e13528c0/atomicwrites_homeassistant-1.4.1-py2.py3-none-any.whl --hash=sha256:01457de800961db7d5b575f3c92e7fb56e435d88512c366afb0873f4f092bb0d
attrs @ https://files.pythonhosted.org/packages/64/b4/17d4b0b2a2dc85a6df63d1157e028ed19f90d4cd97c36717afef2bc2f395/attrs-26.1.0-py3-none-any.whl --hash=sha256:c647aa4a12dfbad9333ca4e71fe62ddc36f4e63b2d260a37a8b83d2f043ac309
audioop-lts @ https://files.pythonhosted.org/packages/b8/3b/e8964210b5e216e5041593b7d33e97ee65967f17c282e8510d19c666dab4/audioop_lts-0.2.2-cp313-abi3-manylinux1_x86_64.manylinux_2_28_x86_64.manylinux_2_5_x86_64.whl --hash=sha256:51c916108c56aa6e426ce611946f901badac950ee2ddaf302b7ed35d9958970d
awesomeversion @ https://files.pythonhosted.org/packages/99/b3/c6be343010721bfdd3058b708eb4868fa1a207534a3b6c80de74d35fb568/awesomeversion-25.8.0-py3-none-any.whl --hash=sha256:1c314683abfcc3e26c62af9e609b585bbcbf2ec19568df2f60ff1034fb1dae28
backoff @ https://files.pythonhosted.org/packages/df/73/b6e24bd22e6720ca8ee9a85a0c4a2971af8497d8f3193fa05390cbd46e09/backoff-2.2.1-py3-none-any.whl --hash=sha256:63579f9a0628e06278f7e47b7d7d5b6ce20dc65c5e96a6f3ca99a6adca0396e8
bcrypt @ https://files.pythonhosted.org/packages/d4/8d/5e43d9584b3b3591a6f9b68f755a4da879a59712981ef5ad2a0ac1379f7a/bcrypt-5.0.0-cp39-abi3-manylinux_2_34_x86_64.whl --hash=sha256:611f0a17aa4a25a69362dcc299fda5c8a3d4f160e2abb3831041feb77393a14a
bleak @ https://files.pythonhosted.org/packages/26/54/05aceb9cd80073805b3ed8522e3196e8cb22f70e741873fa51406c31f4e7/bleak-3.0.2-py3-none-any.whl --hash=sha256:39092feb9e83f1df5ad2f88e837723c7211c982ce9e9cda6235104bc2ebe0d0d
bleak-retry-connector @ https://files.pythonhosted.org/packages/90/ec/3b503e27e65872ac5ae213ee913b5509e461bb96b1d495ae2f72800c4a85/bleak_retry_connector-4.7.1-py3-none-any.whl --hash=sha256:75b4cb3f69955123121d860348d2c43da638a0f3211f2cb6197d717edbd6f47f
bluetooth-adapters @ https://files.pythonhosted.org/packages/8c/ba/f11151a72f782bf24908c2b57163a2ff854024594c4ff3d04f1c47f40ed0/bluetooth_adapters-2.4.0-py3-none-any.whl --hash=sha256:f2841c49e8750658ecb8c1d46d2c05a9de4740362eb83e3e7e501d3092c0377e
bluetooth-auto-recovery @ https://files.pythonhosted.org/packages/fd/89/0dc9270c3c8640ea74fb35eef20e00c5fbdf929b4aeb6797cfa3e2f29750/bluetooth_auto_recovery-1.6.4-py3-none-any.whl --hash=sha256:39485c41e17a2d4887c1fbf04b4e2fd37f0f3c7898db388753e026ca3addf055
bluetooth-data-tools @ https://files.pythonhosted.org/packages/ab/f4/f82d360119f486e29baf03432977b065ac424d583175752b794c24a2e2a8/bluetooth_data_tools-1.29.24-cp314-cp314-manylinux_2_41_x86_64.whl --hash=sha256:594afe1dac691f570de1f73737d959d294877f802ef1b6ec7b1d0eaf94ac12b5
boolean-py @ https://files.pythonhosted.org/packages/e5/ca/78d423b324b8d77900030fa59c4aa9054261ef0925631cd2501dd015b7b7/boolean_py-5.0-py3-none-any.whl --hash=sha256:ef28a70bd43115208441b53a045d1549e2f0ec6e3d08a9d142cbc41c1938e8d9
boto3 @ https://files.pythonhosted.org/packages/a1/56/c83a8fdadf06f631d1a0c4d82fc8daa9e1a40f6354264fba20c186363f49/boto3-1.43.109-py3-none-any.whl --hash=sha256:703a81baed186d31e27cf50065d25a9faeb704f009e7c56b0f002ca52a328896
botocore @ https://files.pythonhosted.org/packages/7c/d7/bf9e5988baf1245f3ac373e09f3204f641e7a2db170f512f236aa90961d6/botocore-1.43.109-py3-none-any.whl --hash=sha256:cd00edff465264fb448e36acc9ee29a828f738fff3746270b3f685a19194a5a6
btsocket @ https://files.pythonhosted.org/packages/67/2b/9bf3481131a24cb29350d69469448349362f6102bed9ae4a0a5bb228d731/btsocket-0.3.0-py2.py3-none-any.whl --hash=sha256:949821c1b580a88e73804ad610f5173d6ae258e7b4e389da4f94d614344f1a9c
build @ https://files.pythonhosted.org/packages/ad/9b/9fb3585dabcd73a1b2a6267f63f62649347c9e6d072c9fde365b105abb2c/build-1.6.1-py3-none-any.whl --hash=sha256:ecd351a4be9d35a9eaaba244a7687143c9c7d4aea6ac964e7e7ddab20cbcf4e7
certifi @ https://files.pythonhosted.org/packages/0b/a7/71ac2cff56fec219ed242bb11b8efb69fcc4bec75db06fb7bfe35de520e6/certifi-2026.7.22-py3-none-any.whl --hash=sha256:62f22742b58a1a33014a2b6b706588a8d7e2a88ae7bd1a6ebe8c992928483775
cffi @ https://files.pythonhosted.org/packages/e9/02/4e7d553a7ac4b4238b38b3c1b80d486e9d4436f8d2acbf87a0997fe3f402/cffi-2.1.1-cp314-cp314-manylinux2014_x86_64.manylinux_2_17_x86_64.whl --hash=sha256:b0431303acaea1089ad4b3e9ce4e6518193def1118d4073ca848635ee4ea2e96
charset-normalizer @ https://files.pythonhosted.org/packages/18/24/bad3ac4271589df29cf5ce2f5ae490518a5739358052bd0d61209e6fea54/charset_normalizer-3.5.2-cp314-cp314-manylinux2014_x86_64.manylinux_2_17_x86_64.manylinux_2_28_x86_64.whl --hash=sha256:34276fd796040bf0993ab33a369aa572e6979c7aab225a88893667ad8eac8f7a
ciso8601 @ https://files.pythonhosted.org/packages/de/3a/5572917d4e0bec2c1ef0eda8652f9dc8d1850d29d3eef9e5e82ffe5d6791/ciso8601-2.3.3-cp314-cp314-manylinux1_x86_64.manylinux_2_28_x86_64.manylinux_2_5_x86_64.whl --hash=sha256:99a1fa5a730790431d0bfcd1f3a6387f60cddc6853d8dcc5c2e140cd4d67a928
click @ https://files.pythonhosted.org/packages/c2/f1/df59e28c642d583f7dacffb1e0965d0e00b218e0186d7858ac5233dce840/click-8.1.3-py3-none-any.whl --hash=sha256:bb4d8133cb15a609f44e8213d9b391b0809795062913b383c62be0ee95b1db48
coverage @ https://files.pythonhosted.org/packages/a8/d4/a306940c81c6ae759e82fff27d20b7fdc6896e422b821f51313cce212b6c/coverage-7.16.2-cp314-cp314-manylinux1_x86_64.manylinux_2_28_x86_64.manylinux_2_5_x86_64.whl --hash=sha256:35f37886699cb9abd29958247d718628d5bc6f39e623dff66a09e546c42a7e03
cronsim @ https://files.pythonhosted.org/packages/fb/1a/02f105147f7f2e06ed4f734ff5a6439590bb275a53dd91fc73df6312298a/cronsim-2.7-py3-none-any.whl --hash=sha256:1e1431fa08c51dc7f72e67e571c7c7a09af26420169b607badd4ca9677ffad1e
cryptography @ https://files.pythonhosted.org/packages/85/66/6ccca4722987ddedaa7fc9c3f4708af7431f5535666c174350830888c6b7/cryptography-50.0.1-cp311-abi3-manylinux_2_34_x86_64.whl --hash=sha256:51afcfceb15597cf2635068e4ac9a56b2abde622edde17f37d85fd7b5306497a
dbus-fast @ https://files.pythonhosted.org/packages/3b/a7/ec412544064624f12681113debf1a991293e9632bd0125a03a8e652d00e8/dbus_fast-5.2.0-cp314-cp314-manylinux2014_x86_64.manylinux_2_17_x86_64.manylinux_2_28_x86_64.whl --hash=sha256:7c66b094e96c221b877ccd6627bc3b9d808ac8317a8f6adc1cb2a0223e7d64e2
envs @ https://files.pythonhosted.org/packages/ca/bc/f8c625a084b6074c2295f7eab967f868d424bb8ca30c7a656024b26fe04e/envs-1.4-py3-none-any.whl --hash=sha256:4a1fcf85e4d4443e77c348ff7cdd3bfc4c0178b181d447057de342e4172e5ed1
execnet @ https://files.pythonhosted.org/packages/ab/84/02fc1827e8cdded4aa65baef11296a9bbe595c474f0d6d758af082d849fd/execnet-2.1.2-py3-none-any.whl --hash=sha256:67fba928dd5a544b783f6056f449e5e3931a5c378b128bc18501f7ea79e296ec
fnv-hash-fast @ https://files.pythonhosted.org/packages/18/8b/356df1dc62dd05cfdc3fec24e8e66101be1544f03a388a8043f7eb6d9577/fnv_hash_fast-2.0.3-cp314-cp314-manylinux_2_41_x86_64.whl --hash=sha256:cabf3cc36b0f5eb26eb19716842edf709b032a54e1d18a72981c21458c52c632
fnvhash @ https://files.pythonhosted.org/packages/b9/92/7c8abc21a1de7159013c0b0bd2ecf06530959bb14fd5c3bf0045e788c6d9/fnvhash-0.2.1-py3-none-any.whl --hash=sha256:00fab14bec841e4cb29b4fd2ed9358f8bf9f4600d9d8149cde27a191193a33e8
freezegun @ https://files.pythonhosted.org/packages/5e/2e/b41d8a1a917d6581fc27a35d05561037b048e47df50f27f8ac9c7e27a710/freezegun-1.5.5-py3-none-any.whl --hash=sha256:cd557f4a75cf074e84bc374249b9dd491eaeacd61376b9eb3c423282211619d2
frozenlist @ https://files.pythonhosted.org/packages/a7/b2/fabede9fafd976b991e9f1b9c8c873ed86f202889b864756f240ce6dd855/frozenlist-1.8.0-cp314-cp314-manylinux1_x86_64.manylinux_2_28_x86_64.manylinux_2_5_x86_64.whl --hash=sha256:cba69cb73723c3f329622e34bdbf5ce1f80c21c290ff04256cff1cd3c2036ed2
gitdb @ https://files.pythonhosted.org/packages/a0/61/5c78b91c3143ed5c14207f463aecfc8f9dbb5092fb2869baf37c273b2705/gitdb-4.0.12-py3-none-any.whl --hash=sha256:67073e15955400952c6565cc3e707c554a4eea2e428946f7a4c162fab9bd9bcf
gitpython @ https://files.pythonhosted.org/packages/a6/99/98019716955ba243657daedd1de8f3a88ca1f5b75057c38e959db22fb87b/GitPython-3.1.14-py3-none-any.whl --hash=sha256:3283ae2fba31c913d857e12e5ba5f9a7772bbc064ae2bb09efafa71b0dd4939b
greenlet @ https://files.pythonhosted.org/packages/45/ac/28fa7a9e50f2859466214c4ac584d776db52c1604ad4dd158960a5af2a1f/greenlet-3.5.6-cp314-cp314-manylinux_2_24_x86_64.manylinux_2_28_x86_64.whl --hash=sha256:9a09d59bef1db94f384b5bcc2d523694d338f3df6b757aeeaf7baca5d0c0be88
grpcio @ https://files.pythonhosted.org/packages/21/d7/94240c7fae121ff1f116dcf04a3b7ee0216a06832c704310363f72638d4c/grpcio-1.84.0-cp314-cp314-manylinux2014_x86_64.manylinux_2_17_x86_64.whl --hash=sha256:57dc36a5ab0e676f5f6e171de2917fd0aef73f32a9aaf23956bfe19997a30bd1
h11 @ https://files.pythonhosted.org/packages/04/4b/29cac41a4d98d144bf5f6d33995617b185d14b22401f75ca86f384e87ff1/h11-0.16.0-py3-none-any.whl --hash=sha256:63cf8bbe7522de3bf65932fda1d9c2772064ffb3dae62d55932da54b31cb6c86
habluetooth @ https://files.pythonhosted.org/packages/e0/e9/cec4a67bef36532559116b2fdef4b6bed90eb7f196b75c07e076f305f6fe/habluetooth-7.1.2-cp314-cp314-manylinux2014_x86_64.manylinux_2_17_x86_64.manylinux_2_28_x86_64.whl --hash=sha256:60adef8cb6f518a7fce8fb3545879b94f9edcec6fd001755e3d2f3164da7fc7e
hass-nabucasa @ https://files.pythonhosted.org/packages/5d/04/810a2557a51f4c9563fdf07ab77ab6d5d2a61c3bcc0c12ff0aa4388b8f0b/hass_nabucasa-2.7.0-py3-none-any.whl --hash=sha256:a07f0dba540e53204363c1ad762967c715ca7bcebc175fa2a50a4d8721c7ce43
home-assistant-bluetooth @ https://files.pythonhosted.org/packages/15/3e/2ed9e59da8fc26c43cbd9d6abbd27217138a31c608b1d334cc5e680e4069/home_assistant_bluetooth-2.0.0-py3-none-any.whl --hash=sha256:8d7c2ac48c303adacad73cb6cdfe7710f2fccd2a367d4c3106acf301b0d22b91
homeassistant @ https://files.pythonhosted.org/packages/f5/a2/96ef7673510b653d0e15302fd5fb6c3a646facb24196488a3660f50e1a49/homeassistant-2026.10.0-py3-none-any.whl --hash=sha256:1d6a7dc8e55216425f61915c095cad99b768679d9a829e58d2334333ba5d4446
httpcore @ https://files.pythonhosted.org/packages/7e/f5/f66802a942d491edb555dd61e3a9961140fd64c90bce1eafd741609d334d/httpcore-1.0.9-py3-none-any.whl --hash=sha256:2d400746a40668fc9dec9810239072b40b4484b640a8c38fd654a024c7a1bf55
httpx @ https://files.pythonhosted.org/packages/2a/39/e50c7c3a983047577ee07d2a9e53faf5a69493943ec3f6a384bdc792deb2/httpx-0.28.1-py3-none-any.whl --hash=sha256:d909fcccc110f8c7faf814ca82a9a4d816bc5a6dbfea25d6591d6985b8ba59ad
icmplib @ https://files.pythonhosted.org/packages/38/ab/a47a2fdcf930e986914c642242ce2823753d7b08fda485f52323132f1240/icmplib-3.0.4-py3-none-any.whl --hash=sha256:336b75c6c23c5ce99ddec33f718fab09661f6ad698e35b6f1fc7cc0ecf809398
idna @ https://files.pythonhosted.org/packages/58/a2/bb081bab032533a855d44de1d56f8e8426114ff1ba5d1f07a438a0a654f8/idna-3.20-py3-none-any.whl --hash=sha256:ab7ae7122974553370f0bdb919e1a960b2cd1bc1ef0276416d896db81c14582c
ifaddr @ https://files.pythonhosted.org/packages/9c/1f/19ebc343cc71a7ffa78f17018535adc5cbdd87afb31d7c34874680148b32/ifaddr-0.2.0-py3-none-any.whl --hash=sha256:085e0305cfe6f16ab12d72e2024030f5d52674afad6911bb1eee207177b8a748
iniconfig @ https://files.pythonhosted.org/packages/56/43/4ca9e49d27a1fcf6bece6f6aec0ea46bb9112489b93d4b688fb415457bdb/iniconfig-2.3.1-py3-none-any.whl --hash=sha256:9121e2c1fdb355232495be3194c8dfe87ccc2d5dee45947b78e68f499790d7a7
installer @ https://files.pythonhosted.org/packages/26/48/bedf3ba4163e7db392c9d4cbdfc8217423196c8fccbe5a404a0f094fde63/installer-1.0.1-py3-none-any.whl --hash=sha256:011d045df8b954ced7dde3a7e42ae4418da40ecda7990f2d11d5ed7c146fd98b
jinja2 @ https://files.pythonhosted.org/packages/62/a1/3d680cbfd5f4b8f15abc1d571870c5fc3e594bb582bc3b64ea099db13e56/jinja2-3.1.6-py3-none-any.whl --hash=sha256:85ece4451f492d0c13c5dd7c13a64681a86afae63a5f347908daf103ce6d2f67
jmespath @ https://files.pythonhosted.org/packages/14/2f/967ba146e6d58cf6a652da73885f52fc68001525b4197effc174321d70b4/jmespath-1.1.0-py3-none-any.whl --hash=sha256:a5663118de4908c91729bea0acadca56526eb2698e83de10cd116ae0f4e97c64
josepy @ https://files.pythonhosted.org/packages/f8/b2/b5caed897fbb1cc286c62c01feca977e08d99a17230ff3055b9a98eccf1d/josepy-2.2.0-py3-none-any.whl --hash=sha256:63e9dd116d4078778c25ca88f880cc5d95f1cab0099bebe3a34c2e299f65d10b
license-expression @ https://files.pythonhosted.org/packages/af/40/791891d4c0c4dab4c5e187c17261cedc26285fd41541577f900470a45a4d/license_expression-30.4.4-py3-none-any.whl --hash=sha256:421788fdcadb41f049d2dc934ce666626265aeccefddd25e162a26f23bcbf8a4
lru-dict @ https://files.pythonhosted.org/packages/3f/19/0b6de1db804cf094e201c5541d58e6a96359eb5beed048fa64d0589b6520/lru_dict-1.4.1-cp314-cp314-manylinux1_x86_64.manylinux_2_28_x86_64.manylinux_2_5_x86_64.whl --hash=sha256:33cf1eb368d3989b8f00945937cfbfc2095d8ad2b1d2274ce1bde0af6f6d1e66
markdown-it-py @ https://files.pythonhosted.org/packages/b3/81/4da04ced5a082363ecfa159c010d200ecbd959ae410c10c0264a38cac0f5/markdown_it_py-4.2.0-py3-none-any.whl --hash=sha256:9f7ebbcd14fe59494226453aed97c1070d83f8d24b6fc3a3bcf9a38092641c4a
markupsafe @ https://files.pythonhosted.org/packages/8f/db/d7282caf7ab03af44d5d6fdbaa019b35c7d7f1c90588b839c07cba640d6a/markupsafe-3.0.4-cp314-cp314-manylinux2014_x86_64.manylinux_2_17_x86_64.manylinux_2_28_x86_64.whl --hash=sha256:a8e9f292fcda89b324f2f5c91d13f1424a153e40fc2756f38ee23b15835ff300
mashumaro @ https://files.pythonhosted.org/packages/4e/eb/2c5e2b0df54c9c979d45bfa4820687ab24797fe1ad42d4fdfc0c8ece59f1/mashumaro-3.23-py3-none-any.whl --hash=sha256:a671279ce93119d41c54adcd767753ae68adb32b9473de2f9d5d1720d2376231
mdurl @ https://files.pythonhosted.org/packages/b3/38/89ba8ad64ae25be8de66a6d463314cf1eb366222074cfda9ee839c56a4b4/mdurl-0.1.2-py3-none-any.whl --hash=sha256:84008a41e51615a49fc9966191ff91509e3c40b939176e643fd50a5c2196b8f8
mock-open @ https://files.pythonhosted.org/packages/9a/02/cef85a80ff6d3092a458448c46816656d1c532afd45aeeeb8f50a84aed35/mock-open-1.4.0.tar.gz --hash=sha256:c3ecb6b8c32a5899a4f5bf4495083b598b520c698bba00e1ce2ace6e9c239100
multidict @ https://files.pythonhosted.org/packages/f8/e5/8d54118bc228e64e1087f1729647b93bbea225eda4a3f914663a6f410bca/multidict-6.9.1-cp314-cp314-manylinux2014_x86_64.manylinux_2_17_x86_64.manylinux_2_28_x86_64.whl --hash=sha256:b69651732c64afb691e50cdc3387cae305e0eeff8804fe3e3ce203876494932a
nab @ https://files.pythonhosted.org/packages/45/c9/8c72e658824919c10a8c7e4ed84be9ca6f84d8a69e853b989515aa27ca63/nab-0.0.18-py3-none-any.whl --hash=sha256:e7dff82c3b2ec1affa3fd2b48fd7c8099ac6a5a1bab3ca34147e9b548f02cff5
nab-index @ https://files.pythonhosted.org/packages/dc/04/9e569daaeeda021db70f1e7fa76b00bfeb3970ae552231d7ed7bd99c33eb/nab_index-0.0.18-py3-none-any.whl --hash=sha256:8f0a2d37654ed0bd8a613867ad837dd2019b3966d09fa523b0d56e8fb36aa378
nab-markersets @ https://files.pythonhosted.org/packages/21/d3/70dabc9fcde20c5f8ad6f7adfd0bc09d70b15f8dd252d184ed8f935c4f92/nab_markersets-0.0.18-py3-none-any.whl --hash=sha256:3a0b1d05468a477566cc2285a7d1b57046122b9c25fd7d179762113318f2101f
nab-project @ https://files.pythonhosted.org/packages/3c/b1/4c8750abfd54da65e98bcab5039483175d3b8b8e06595a075c55903a1079/nab_project-0.0.18-py3-none-any.whl --hash=sha256:8c52eec5a030133ebbf8f72d6f22c2ff7993fb9e0acae56b6ef9b47515cbfbc3
nab-provider @ https://files.pythonhosted.org/packages/9d/de/83fef6f3daafeb283ccc5e86e9030635c94a7df4eeeb60fcdc1ab63e3f0a/nab_provider-0.0.18-py3-none-any.whl --hash=sha256:a832f107fd399fd1a48b8c4a7561af39d1f4c868726056874f820bbd44f60047
nab-resolver @ https://files.pythonhosted.org/packages/2e/d3/973dcb98cd52c2ab20387c63c7831c66095875845b41bc92cc0eef9e6521/nab_resolver-0.0.18-py3-none-any.whl --hash=sha256:28a15be8b9d906e34c925be76ba138d5a84aea05d9dbaf6b77a9bd8a22c90c9b
numpy @ https://files.pythonhosted.org/packages/5d/f9/77c07d94bf110a916b17210fac38680ed8734c236bfed9982fd8524a7b47/numpy-2.3.2-cp314-cp314-manylinux_2_27_x86_64.manylinux_2_28_x86_64.whl --hash=sha256:fed5527c4cf10f16c6d0b6bee1f89958bccb0ad2522c8cadc2efd318bcd545f5
orjson @ https://files.pythonhosted.org/packages/76/3e/c0b690253f0b82d86e99949af13533363acfb5432ecb5d53dd5b3bce9c34/orjson-3.11.9-cp314-cp314-manylinux_2_17_x86_64.manylinux2014_x86_64.whl --hash=sha256:aaea64f3f467d22e70eeed68bdccb3bc4f83f650446c4a03c59f2cba28a108db
packaging @ https://files.pythonhosted.org/packages/63/34/ba1c580383c9eada3711951fef0795c80b829a078d72188184bcab9dd527/packaging-26.3-py3-none-any.whl --hash=sha256:d7193f7c8e4e93f444fde0262bf90af30e16fa0ad0ad44cb553c87339b23cd1c
paho-mqtt @ https://files.pythonhosted.org/packages/c4/cb/00451c3cf31790287768bb12c6bec834f5d292eaf3022afc88e14b8afc94/paho_mqtt-2.1.0-py3-none-any.whl --hash=sha256:6db9ba9b34ed5bc6b6e3812718c7e06e2fd7444540df2455d2c51bd58808feee
pillow @ https://files.pythonhosted.org/packages/5c/44/c85361f65dbe00eea8576ee467c768d25129989efb76e94f205e9ca9bb46/pillow-12.3.0-cp314-cp314-manylinux_2_27_x86_64.manylinux_2_28_x86_64.whl --hash=sha256:251bf95b67017e27b13d82f5b326234ca62d70f9cf4c2b9032de2358a3b12c7b
pipdeptree @ https://files.pythonhosted.org/packages/c4/8e/2d64a9524c4c6943a1dce25c7577dc59ba21a14a562a6672743d420bb95f/pipdeptree-4.2.5-cp310-abi3-manylinux_2_28_x86_64.whl --hash=sha256:8fa50c021f7b9a46703f6c55f3ffe396c0540508f73053f55e4a1f87cec0b652
pluggy @ https://files.pythonhosted.org/packages/54/20/4d324d65cc6d9205fabedc306948156824eb9f0ee1633355a8f7ec5c66bf/pluggy-1.6.0-py3-none-any.whl --hash=sha256:e920276dd6813095e9377c0bc5566d94c932c33b27a3e3945d8389c374dd4746
probatio @ https://files.pythonhosted.org/packages/f2/ab/8d3eb6004bec5ec8938baac7b251eed8954a5cdbfe9e342072634494a631/probatio-0.13.0-py3-none-any.whl --hash=sha256:b592d11c89b536fa42617c3f23fb8798aeb659da2113cc2ec1ff8759f8a34d8a
propcache @ https://files.pythonhosted.org/packages/96/d3/e97cd6f5de2176bd90ed4076c7a9b5e09d0f0b9687d00a576507988bb62c/propcache-0.5.4-cp314-cp314-manylinux2014_x86_64.manylinux_2_17_x86_64.manylinux_2_28_x86_64.whl --hash=sha256:cc07876cfb079b6f6f36d21ce75784ad6c2c6b563eeac0ed26c2fa2669b85df9
psutil @ https://files.pythonhosted.org/packages/b5/70/5d8df3b09e25bce090399cf48e452d25c935ab72dad19406c77f4e828045/psutil-7.2.2-cp36-abi3-manylinux2010_x86_64.manylinux_2_12_x86_64.manylinux_2_28_x86_64.whl --hash=sha256:076a2d2f923fd4821644f5ba89f059523da90dc9014e85f8e45a5774ca5bc6f9
psutil-home-assistant @ https://files.pythonhosted.org/packages/cb/48/8a0acb683d1fee78b966b15e78143b673154abb921061515254fb573aacd/psutil_home_assistant-0.0.1-py3-none-any.whl --hash=sha256:35a782e93e23db845fc4a57b05df9c52c2d5c24f5b233bd63b01bae4efae3c41
pycares @ https://files.pythonhosted.org/packages/d5/3e/dc2df4e4e9ca439049f3e494a70ac51e7fde7e6e1f504e8c84fcb71282f8/pycares-5.1.0-cp314-cp314-manylinux_2_26_x86_64.manylinux_2_28_x86_64.whl --hash=sha256:f0c9216ed7be9f32da40545e001b490654be6815210fea9b0fe923bd2b2c825d
pycognito @ https://files.pythonhosted.org/packages/f5/7a/f38dd351f47596b22ddbde1b8906e7f43d14be391dcdbd0c2daba886f26c/pycognito-2024.5.1-py3-none-any.whl --hash=sha256:c821895dc62b7aea410fdccae4f96d8be7cab374182339f50a03de0fcb93f9ea
pycparser @ https://files.pythonhosted.org/packages/0c/c3/44f3fbbfa403ea2a7c779186dc20772604442dde72947e7d01069cbe98e3/pycparser-3.0-py3-none-any.whl --hash=sha256:b727414169a36b7d524c1c3e31839a521725078d7b2ff038656844266160a992
pydantic @ https://files.pythonhosted.org/packages/eb/47/c95ffc2009878c7aac0c5e08528022dcb885933252a88b5f170058014464/pydantic-2.13.5-py3-none-any.whl --hash=sha256:346a034f080da3755d8e9cb5e00e8b07de1d39e4f6e2c87d8ab7cafa0b269a73
pydantic-core @ https://files.pythonhosted.org/packages/2c/9b/59634b7ac631c63b2a37760eb6943af3e29573d6b59a4abc5e7f019d4cee/pydantic_core-2.46.5-cp314-cp314-manylinux_2_17_x86_64.manylinux2014_x86_64.whl --hash=sha256:54d510bac3ee52247af28ed4bb18a1e799f040ac60fd2bf5ccd4c92f1fbe786f
pygithub @ https://files.pythonhosted.org/packages/91/71/f314841697a1d52af3e1ea7c5e1c3f09685b64ae4c58ff16b605a866255d/pygithub-2.10.0-py3-none-any.whl --hash=sha256:192ada2a76e4afc7d6b37e500c9bfeba1731e6506697445a5ba1c4af8bf0b924
pygments @ https://files.pythonhosted.org/packages/71/46/17f022dd3e953bf20a04a028a21ec746d942f8d2af30fa0f124fa0e6a684/pygments-2.21.0-py3-none-any.whl --hash=sha256:2363c69b61c4a97c838da3b130dcd6468f4848992b21a82f2a63ec34377137d9
pyjwt @ https://files.pythonhosted.org/packages/50/ca/44de4e75f8aadc457f0634be3b542815078ded46dca30efb960edeecad6e/pyjwt-2.15.1-py3-none-any.whl --hash=sha256:42d59d631f7768a1028a64c7ff581a9bf7519804daf91fc5b6c56e30eec5e193
pynacl @ https://files.pythonhosted.org/packages/c9/a8/b917096b1accc9acd878819a49d3d84875731a41eb665f6ebc826b1af99e/pynacl-1.6.2-cp38-abi3-manylinux_2_34_x86_64.whl --hash=sha256:c8a231e36ec2cab018c4ad4358c386e36eede0319a0c41fed24f840b1dac59f6
pyopenssl @ https://files.pythonhosted.org/packages/51/ad/2cf6d3fa2fae5c79e1ed9960c0d42badd0f94d81dd12b50604cdc839e648/pyopenssl-26.4.0-py3-none-any.whl --hash=sha256:f0eb0cb2d581d3ad2b9c489468485e7f2ab6727d08401bcf9d824c3caddf3c1c
pyproject-hooks @ https://files.pythonhosted.org/packages/85/11/044d1ae1b4ec0d7af88ee5bc91e081be1022533032b906a7bdabdbb60977/pyproject_hooks-1.3.3-py3-none-any.whl --hash=sha256:5fc53fdac9f7bd63fbcdc868fb5f90b4784d78a53a3d3388cd738b807441a20b
pyrfc3339 @ https://files.pythonhosted.org/packages/34/90/0200184d2124484f918054751ef997ed6409cb05b7e8dcbf5a22da4c4748/pyrfc3339-2.1.0-py3-none-any.whl --hash=sha256:560f3f972e339f579513fe1396974352fd575ef27caff160a38b312252fcddf3
pyric @ https://files.pythonhosted.org/packages/08/64/a99f27d3b4347486c7bfc0aa516016c46dc4c0f380ffccbd742a61af1eda/PyRIC-0.1.6.3.tar.gz --hash=sha256:b539b01cafebd2406c00097f94525ea0f8ecd1dd92f7731f43eac0ef16c2ccc9
pytest @ https://files.pythonhosted.org/packages/d4/24/a372aaf5c9b7208e7112038812994107bc65a84cd00e0354a88c2c77a617/pytest-9.0.3-py3-none-any.whl --hash=sha256:2c5efc453d45394fdd706ade797c0a81091eccd1d6e4bccfcd476e2b8e0ab5d9
pytest-aiohttp @ https://files.pythonhosted.org/packages/fa/b0/5056ed4c3f68a4db2b4a39fb0ec61b1e4cf1d89ee14effe5261cc587264c/pytest_aiohttp-1.1.1-py3-none-any.whl --hash=sha256:f293441ad4f8446a1e12257130c26c7de03a615c2a5572a8cb046e5b3b4e5211
pytest-asyncio @ https://files.pythonhosted.org/packages/03/e2/08a497ef684b88559c9cc5f4ad53a37e7b99e727094a86d6ea32536d5d3c/pytest_asyncio-1.4.0-py3-none-any.whl --hash=sha256:933ca923a23075a87fb7070c0ec272a6848489824d887c85c812670932835aa1
pytest-codspeed @ https://files.pythonhosted.org/packages/96/08/56ad8f1cc7d6962f8a680141b361e93467a2abc53d976cd9d5e1edd740e3/pytest_codspeed-5.0.3-cp314-cp314-manylinux2014_x86_64.manylinux_2_17_x86_64.manylinux_2_28_x86_64.whl --hash=sha256:782f9985b6f6b45b8bc20152d206d3a52b56dd088ba81cb70a71f0b39841be9e
pytest-cov @ https://files.pythonhosted.org/packages/9d/7a/d968e294073affff457b041c2be9868a40c1c71f4a35fcc1e45e5493067b/pytest_cov-7.1.0-py3-none-any.whl --hash=sha256:a0461110b7865f9a271aa1b51e516c9a95de9d696734a2f71e3e78f46e1d4678
pytest-freezer @ https://files.pythonhosted.org/packages/c1/e9/30252bc05bcf67200a17f4f0b4cc7598f0a68df4fa9fa356193aa899f145/pytest_freezer-0.4.9-py3-none-any.whl --hash=sha256:8b6c50523b7d4aec4590b52bfa5ff766d772ce506e2bf4846c88041ea9ccae59
pytest-github-actions-annotate-failures @ https://files.pythonhosted.org/packages/3c/09/c44e658f3a27c588c2017d858c8b0fa962612af9b74326beabbf010c839c/pytest_github_actions_annotate_failures-0.4.2-py3-none-any.whl --hash=sha256:02911cd3b55f235328a334f8ca6037a89944398b8e8b028c82de97111eff4071
pytest-picked @ https://files.pythonhosted.org/packages/c6/81/450c017746caab376c4b6700439de9f1cc7d8e1f22dec3c1eb235cd9ad3e/pytest_picked-0.5.1-py3-none-any.whl --hash=sha256:af65c4763b51dc095ae4bc5073a962406902422ad9629c26d8b01122b677d998
pytest-socket @ https://files.pythonhosted.org/packages/87/ef/ab507f117b3d19b54e3c9c632a99c28c3b284562ec6e02e274581d530d92/pytest_socket-0.8.1-py3-none-any.whl --hash=sha256:f9846bed1dcd96eed459e5e14795bbaf96715cf4e827891fe70773817ecb8ed4
pytest-timeout @ https://files.pythonhosted.org/packages/fa/b6/3127540ecdf1464a00e5a01ee60a1b09175f6913f0644ac748494d9c4b21/pytest_timeout-2.4.0-py3-none-any.whl --hash=sha256:c42667e5cdadb151aeb5b26d114aff6bdf5a907f176a007a30b940d3d865b5c2
pytest-unordered @ https://files.pythonhosted.org/packages/dd/d4/2f63db7b6292856f51a76e3eb0acb5e53fd63ae6b6ec4dd11af24985f5b0/pytest_unordered-0.8.0-py3-none-any.whl --hash=sha256:c792b879032b33141205e1a38a80234eb0117474bf9459ae65557e29837c2a1c
pytest-xdist @ https://files.pythonhosted.org/packages/ca/31/d4e37e9e550c2b92a9cbc2e4d0b7420a27224968580b5a447f420847c975/pytest_xdist-3.8.0-py3-none-any.whl --hash=sha256:202ca578cfeb7370784a8c33d6d05bc6e13b4f25b5053c30a152269fd10f0b88
python-dateutil @ https://files.pythonhosted.org/packages/ec/57/56b9bcc3c9c6a792fcbaf139543cee77261f3651ca9da0c93f5c1221264b/python_dateutil-2.9.0.post0-py2.py3-none-any.whl --hash=sha256:a8b2bc7bffae282281c8140a97d3aa9c14da0b136dfe83f850eea9a5f7470427
python-slugify @ https://files.pythonhosted.org/packages/b1/e3/90a873d90440e59470a44261b3da3c175710e77677e1b37b2a79ad0cf9cc/python_slugify-9.1.2-py3-none-any.whl --hash=sha256:a470dafd2ad79672606cc0d1a5fcaf7a2ccf8f358073ff29b5b93c2bd7e288d6
pytz @ https://files.pythonhosted.org/packages/4f/ef/c66110d46fb800dda0bf33164182dfadabe26a90e4476844d502a23dca8e/pytz-2026.5-py2.py3-none-any.whl --hash=sha256:e658af3757f9e26a9d25dd2aff38335acd92bc9104f890a894b2c1ba28311b03
pyyaml @ https://files.pythonhosted.org/packages/88/f9/16491d7ed2a919954993e48aa941b200f38040928474c9e85ea9e64222c3/pyyaml-6.0.3-cp314-cp314-manylinux2014_x86_64.manylinux_2_17_x86_64.manylinux_2_28_x86_64.whl --hash=sha256:c458b6d084f9b935061bc36216e8a69a7e293a2f1e68bf956dcd9e6cbcd143f5
regex @ https://files.pythonhosted.org/packages/a9/4d/041d9458a645fee4fce4d642a89d27271a3cfcd91095104f6dde44da70bf/regex-2026.9.29-cp314-cp314-manylinux2014_x86_64.manylinux_2_17_x86_64.manylinux_2_28_x86_64.whl --hash=sha256:2f7f7aa47b229f2b39a2ae2596d2ad5625d77b5eb9856fac2dab3eb506cdd0a0
requests @ https://files.pythonhosted.org/packages/a0/f4/c67b0b3f1b9245e8d266f0f112c500d50e5b4e83cb6f3b71b6528104182a/requests-2.34.2-py3-none-any.whl --hash=sha256:2a0d60c172f83ac6ab31e4554906c0f3b3588d37b5cb939b1c061f4907e278e0
requests-mock @ https://files.pythonhosted.org/packages/97/ec/889fbc557727da0c34a33850950310240f2040f3b1955175fdb2b36a8910/requests_mock-1.12.1-py2.py3-none-any.whl --hash=sha256:b1e37054004cdd5e56c84454cc7df12b25f90f382159087f4b6915aaeef39563
respx @ https://files.pythonhosted.org/packages/1d/4a/221da6ca167db45693d8d26c7dc79ccfc978a440251bf6721c9aaf251ac0/respx-0.23.1-py2.py3-none-any.whl --hash=sha256:b18004b029935384bccfa6d7d9d74b4ec9af73a081cc28600fffc0447f4b8c1a
rich @ https://files.pythonhosted.org/packages/82/3b/64d4899d73f91ba49a8c18a8ff3f0ea8f1c1d75481760df8c68ef5235bf5/rich-15.0.0-py3-none-any.whl --hash=sha256:33bd4ef74232fb73fe9279a257718407f169c09b78a87ad3d296f548e27de0bb
s3transfer @ https://files.pythonhosted.org/packages/bc/e7/5c595c75e9f41a44f30e526eda465ea0b4eec93470e074e4a111b253f13a/s3transfer-0.19.2-py3-none-any.whl --hash=sha256:d8168eccca828cbb2cd573675333f3bddd254313a9c42494b84c76b539e8ba25
securetar @ https://files.pythonhosted.org/packages/fb/56/4ef84868d1ff2f77ac080929117283ac9d18f7d018ae64fa1e7f957a8d20/securetar-2026.4.1-py3-none-any.whl --hash=sha256:7cf66c204d678b9d1e2d17814c83048a6468e928ea00edb7e6c1efe72aab0540
sentence-stream @ https://files.pythonhosted.org/packages/48/b6/48339c109bab6f54ff608800773b9425464c6cbf7fd3f2ba01294d78be3d/sentence_stream-1.3.0-py3-none-any.whl --hash=sha256:7448d131315b85eefdf238e5edd9caa62899acf609145d5e0e10c09812eb8a1d
setuptools @ https://files.pythonhosted.org/packages/95/9c/c510029fc6ef33a6275cd2c5d3cecd6613dfd6aa401d57c54f1c18852ccf/setuptools-84.0.0-py3-none-any.whl --hash=sha256:51a52592b3b99e102b609654876bd65f19f999935166d1352678931132b0c670
six @ https://files.pythonhosted.org/packages/b7/ce/149a00dd41f10bc29e5921b496af8b574d8413afcd5e30dfa0ed46c2cc5e/six-1.17.0-py2.py3-none-any.whl --hash=sha256:4721f391ed90541fddacab5acf947aa0d3dc7d27b2e1e8eda2be8970586c3274
smmap @ https://files.pythonhosted.org/packages/c1/d4/59e74daffcb57a07668852eeeb6035af9f32cbfd7a1d2511f17d2fe6a738/smmap-5.0.3-py3-none-any.whl --hash=sha256:c106e05d5a61449cf6ba9a1e650227ecfb141590d2a98412103ff35d89fc7b2f
snitun @ https://files.pythonhosted.org/packages/bf/69/c7ba5437d10ae7a6446169a1528c50ec38936455fed23480dde36902a6fe/snitun-0.47.0-py3-none-any.whl --hash=sha256:57eb4710f13a03360c07527c8e2d442b8c90e8ff7b94c71228cde5da8dbb755a
sqlalchemy @ https://files.pythonhosted.org/packages/59/d2/7f0c77f8e042cb5f28275fea29c3080b4ac6fd4b3fdd7f59ff1ef3e28c11/sqlalchemy-2.0.54-cp314-cp314-manylinux2014_x86_64.manylinux_2_17_x86_64.manylinux_2_28_x86_64.whl --hash=sha256:6f84099e4b04a5c2d44500a2a8302eee5af4bc6fee63e8c6e9cf6786e747280e
standard-aifc @ https://files.pythonhosted.org/packages/c3/52/5fbb203394cc852334d1575cc020f6bcec768d2265355984dfd361968f36/standard_aifc-3.13.0-py3-none-any.whl --hash=sha256:f7ae09cc57de1224a0dd8e3eb8f73830be7c3d0bc485de4c1f82b4a7f645ac66
standard-chunk @ https://files.pythonhosted.org/packages/7a/90/a5c1084d87767d787a6caba615aa50dc587229646308d9420c960cb5e4c0/standard_chunk-3.13.0-py3-none-any.whl --hash=sha256:17880a26c285189c644bd5bd8f8ed2bdb795d216e3293e6dbe55bbd848e2982c
standard-telnetlib @ https://files.pythonhosted.org/packages/33/85/a1808451ac0b36c61dffe8aea21e45c64ba7da28f6cb0d269171298c6281/standard_telnetlib-3.13.0-py3-none-any.whl --hash=sha256:b268060a3220c80c7887f2ad9df91cd81e865f0c5052332b81d80ffda8677691
syrupy @ https://files.pythonhosted.org/packages/2c/b5/bf2a8a335a6a813869dd482cedbcde252f582b5afbfe50eb78ec09962800/syrupy-6.1.1-py3-none-any.whl --hash=sha256:6ac9ac6a42d70ae44156f5f157a9563b9bb8cc96dcf9364327f330463bff889a
text-unidecode @ https://files.pythonhosted.org/packages/a6/a5/c0b6468d3824fe3fde30dbb5e1f687b291608f9473681bbf7dabbf5a87d7/text_unidecode-1.3-py2.py3-none-any.whl --hash=sha256:1311f10e8b895935241623731c2ba64f4c455287888b18189350b67134a822e8
tomli @ https://files.pythonhosted.org/packages/8d/d2/9e2d7f8b1dfe0e2b34c245986ebd55c4c553ea4ce6c47c443b332673253f/tomli-2.5.0-cp314-cp314-manylinux2014_x86_64.manylinux_2_17_x86_64.manylinux_2_28_x86_64.whl --hash=sha256:7ac2027d37c3afbdf4bdd377f2676f6f1d2122a5be1f1137b49dced590b37e75
tomli-w @ https://files.pythonhosted.org/packages/c7/18/c86eb8e0202e32dd3df50d43d7ff9854f8e0603945ff398974c1d91ac1ef/tomli_w-1.2.0-py3-none-any.whl --hash=sha256:188306098d013b691fcadc011abd66727d3c414c571bb01b1a174ba8c983cf90
tqdm @ https://files.pythonhosted.org/packages/a7/03/921a3d3c75785aca9ebfbfcabfbc3a1be12e2ab5265deb026d55a5a3f83e/tqdm-4.70.1-py3-none-any.whl --hash=sha256:c293e525e6fef9c20e8728fd4612df02a0aa31bb5fe91ecd93e123b1b7bffa73
truststore @ https://files.pythonhosted.org/packages/19/97/56608b2249fe206a67cd573bc93cd9896e1efb9e98bce9c163bcdc704b88/truststore-0.10.4-py3-none-any.whl --hash=sha256:adaeaecf1cbb5f4de3b1959b42d41f6fab57b2b1666adb59e89cb0b53361d981
typing-extensions @ https://files.pythonhosted.org/packages/49/d3/b8441a820a491ddfc024b0b0cf0393375b75ea13866d9c66727e54c2fc80/typing_extensions-4.16.0-py3-none-any.whl --hash=sha256:481caa481374e813c1b176ada14e97f1f67a4539ce9cfeb3f350d78d6370c2e8
typing-inspection @ https://files.pythonhosted.org/packages/67/81/4add07e5172b7ac40d8ed5ff580409a7801a4fe26d529bdd915401dabfbe/typing_inspection-0.4.4-py3-none-any.whl --hash=sha256:65b8397ba37ccbce054456aaccddfc91e6e3083c92824df348d96ca832f3f147
tzdata @ https://files.pythonhosted.org/packages/94/21/1e5995a1c920cce14e4bffae20c665ec10e7ed03ab25e006cd741092b718/tzdata-2026.5-py2.py3-none-any.whl --hash=sha256:b683bd1b6659ddcd810ff02ad09ba821d4bf1065072805063eb35c49617905ac
uart-devices @ https://files.pythonhosted.org/packages/12/64/edf33c2d7fba7d6bf057c9dc4235bfc699517ea4c996240a1a9c2bf51c29/uart_devices-0.1.1-py3-none-any.whl --hash=sha256:55bc8cce66465e90b298f0910e5c496bc7be021341c5455954cf61c6253dc123
ulid-transform @ https://files.pythonhosted.org/packages/9a/33/27c3f9ed60426b514b1501c8acd47ab05a305fbb1e294dce6a13c52a88be/ulid_transform-2.2.9-cp314-cp314-manylinux_2_41_x86_64.whl --hash=sha256:f62d23bf7ed08e086e27dc5f5c89f9aec4d79316174529070073505bc367d8fa
unidiff @ https://files.pythonhosted.org/packages/af/c9/a0529375e0162327fd1cb0dc6785c7a6e56dfae011c2d7b57d611ff84347/unidiff-1.0.1-py3-none-any.whl --hash=sha256:5e2ca461eda8a4c761ad0922e3e8a65742f359dc60301a3a055b70fd7c158680
urllib3 @ https://files.pythonhosted.org/packages/92/9d/c4e665119135114480843e7ab388fa94d8480650450e6f8e26b70d323a4c/urllib3-2.8.0-py3-none-any.whl --hash=sha256:0cf3cae568d36aa9576b28dfb35f11328f1cb974ca7647d9475ebb86c75ac6e3
usb-devices @ https://files.pythonhosted.org/packages/3d/12/f8dd0bd25e9e2ab747b47ae4efed08de75f595f6136a71bafaf3db0c47ed/usb_devices-0.5.1-py3-none-any.whl --hash=sha256:e77e7972b5ac6a883b3778b0273d9582c5b8ae847ac78fba3d080dd4a4cc69ad
uv @ https://files.pythonhosted.org/packages/e5/83/85a6c63c24905af4924fddb11a499b934913f59a134248367a1ef1a4716f/uv-0.12.23-py3-none-manylinux_2_17_x86_64.manylinux2014_x86_64.whl --hash=sha256:565c6e2874dbeae86c02f3dea97255e878fec672659a73d4930c6b93fcab2fff
voluptuous @ https://files.pythonhosted.org/packages/d1/00/0e0da784245c93cf346150ab67634177bf277f93b7a162bb56c928c39c04/voluptuous-0.16.0-py3-none-any.whl --hash=sha256:ee342095263e1b5afbd4d418cb5adc92810eebfd07696bb033a261210df33db4
webrtc-models @ https://files.pythonhosted.org/packages/f2/e7/62f29980c9e8d75af93b642a0c37aa8e201fd5268ba3a7179c172549bac3/webrtc_models-0.3.0-py3-none-any.whl --hash=sha256:8fddded3ffd7ca837de878033501927580799a2c1b7829f7ae8a0f43b49004ea
wheel @ https://files.pythonhosted.org/packages/2e/29/69cfbb602cd91690c55d38ba9fe53e6a7e76a6fa647bf38f19c138d25449/wheel-0.48.0-py3-none-any.whl --hash=sha256:3217dcc807155e45db462d7ef2431f5ddda0d7273b700d05a67b271ceb1287ab
yarl @ https://files.pythonhosted.org/packages/a2/be/415b00c0fe5a0615b062a456b26623d7ec91c2bee20faea1a14045aa0469/yarl-1.25.1-cp314-cp314-manylinux2014_x86_64.manylinux_2_17_x86_64.manylinux_2_28_x86_64.whl --hash=sha256:30eec96e8a91bd588ce897c9543f6d5d8d34b28fbcba28a4dedf20ebeae9fe57
zeroconf @ https://files.pythonhosted.org/packages/16/d3/9b6fa4f94a5be0145730f998bdf44c642db159d7a7f2f9fb5a1ed4adce04/zeroconf-0.151.5-cp314-cp314-manylinux2014_x86_64.manylinux_2_17_x86_64.manylinux_2_28_x86_64.whl --hash=sha256:5846416ae2bddacb1bbb755233dd13c4bd15d94dfd0feb23a4b1abe1e2312302
